<?xml version="1.0" encoding="utf-8"?>
<Project ToolsVersion="4.0" xmlns="http://schemas.microsoft.com/developer/msbuild/2003">
  <ItemGroup>
    <Filter Include="Source Files">
      <UniqueIdentifier>{4FC737F1-C7A5-4376-A066-2A32D752A2FF}</UniqueIdentifier>
      <Extensions>cpp;c;cc;cxx;c++;cppm;ixx;def;odl;idl;hpj;bat;asm;asmx</Extensions>
    </Filter>
    <Filter Include="Header Files">
      <UniqueIdentifier>{93995380-89BD-4b04-88EB-625FBE52EBFB}</UniqueIdentifier>
      <Extensions>h;hh;hpp;hxx;h++;hm;inl;inc;ipp;xsd</Extensions>
    </Filter>
    <Filter Include="Resource Files">
      <UniqueIdentifier>{67DA6AB6-F800-4c08-8B7A-83BB121AAD01}</UniqueIdentifier>
      <Extensions>rc;ico;cur;bmp;dlg;rc2;rct;bin;rgs;gif;jpg;jpeg;jpe;resx;tiff;tif;png;wav;mfcribbon-ms</Extensions>
    </Filter>
  </ItemGroup>
  <ItemGroup>
    <None Include="main.code-workspace" />
    <None Include="Makefile" />
    <None Include="lib\libgcc_s_dw2-1.dll" />
    <None Include="lib\libstdc++-6.dll" />
    <None Include=".gitignore" />
    <None Include="x64\Debug\RayLibStarterTemplateEmpty.pdb" />
    <None Include="x64\Debug\RayLibStarterTemplateEmpty.exe" />
    <None Include="RayLibSt.1b063d85\x64\Debug\vc143.pdb" />
    <None Include="RayLibSt.1b063d85\x64\Debug\vc143.idb" />
    <None Include="RayLibSt.1b063d85\x64\Debug\RayLibStarterTemplateEmpty.ilk" />
    <None Include="RayLibSt.1b063d85\x64\Debug\RayLibStarterTemplateEmpty.exe.recipe" />
  </ItemGroup>
  <ItemGroup>
    <ClCompile Include="src\main.cpp">
      <Filter>Source Files</Filter>
    </ClCompile>
    <ClCompile Include="src\Players\Players.cpp">
      <Filter>Source Files</Filter>
    </ClCompile>
    <ClCompile Include="src\Environment\Environment.cpp">
      <Filter>Source Files</Filter>
    </ClCompile>
    <ClCompile Include="src\Enemies\Enemies.cpp">
      <Filter>Source Files</Filter>
    </ClCompile>
  </ItemGroup>
  <ItemGroup>
    <ClInclude Include="src\Players\Players.h">
      <Filter>Header Files</Filter>
    </ClInclude>
    <ClInclude Include="src\Environment\Environment.h">
      <Filter>Header Files</Filter>
    </ClInclude>
    <ClInclude Include="src\Enemies\Enemies.h">
      <Filter>Header Files</Filter>
    </ClInclude>
  </ItemGroup>
  <ItemGroup>
    <Library Include="lib\raylib.lib" />
  </ItemGroup>
  <ItemGroup>
    <Object Include="RayLibSt.1b063d85\x64\Debug\Swordsman_Class.obj" />
    <Object Include="RayLibSt.1b063d85\x64\Debug\Sword_swing.obj" />
    <Object Include="RayLibSt.1b063d85\x64\Debug\Rock_throw.obj" />
    <Object Include="RayLibSt.1b063d85\x64\Debug\Rock_Slinger_Class.obj" />
    <Object Include="RayLibSt.1b063d85\x64\Debug\Players.obj" />
    <Object Include="RayLibSt.1b063d85\x64\Debug\Environment.obj" />
    <Object Include="RayLibSt.1b063d85\x64\Debug\Enemies.obj" />
  </ItemGroup>
  <ItemGroup>
    <Text Include="RayLibSt.1b063d85\x64\Debug\RayLibStarterTemplate.log" />
  </ItemGroup>
</Project>